
Microsoft Visual Studio Solution File, Format Version 12.00
# Visual Studio Version 17
VisualStudioVersion = 17.3.32811.315
MinimumVisualStudioVersion = 10.0.40219.1
Project("{FAE04EC0-301F-11D3-BF4B-00C04F79EFBC}") = "Programa002", "Programa002\Programa002.csproj", "{49D73D13-31EB-4704-9619-BCF78878055C}"
EndProject
Project("{FAE04EC0-301F-11D3-BF4B-00C04F79EFBC}") = "SomaDeNumeros", "SomaDeNumeros\SomaDeNumeros.csproj", "{0F0D65C5-35C2-45CD-AE84-D4BA559377E9}"
EndProject
Global
	GlobalSection(SolutionConfigurationPlatforms) = preSolution
		Debug|Any CPU = Debug|Any CPU
		Release|Any CPU = Release|Any CPU
	EndGlobalSection
	GlobalSection(ProjectConfigurationPlatforms) = postSolution
		{49D73D13-31EB-4704-9619-BCF78878055C}.Debug|Any CPU.ActiveCfg = Debug|Any CPU
		{49D73D13-31EB-4704-9619-BCF78878055C}.Debug|Any CPU.Build.0 = Debug|Any CPU
		{49D73D13-31EB-4704-9619-BCF78878055C}.Release|Any CPU.ActiveCfg = Release|Any CPU
		{49D73D13-31EB-4704-9619-BCF78878055C}.Release|Any CPU.Build.0 = Release|Any CPU
		{0F0D65C5-35C2-45CD-AE84-D4BA559377E9}.Debug|Any CPU.ActiveCfg = Debug|Any CPU
		{0F0D65C5-35C2-45CD-AE84-D4BA559377E9}.Debug|Any CPU.Build.0 = Debug|Any CPU
		{0F0D65C5-35C2-45CD-AE84-D4BA559377E9}.Release|Any CPU.ActiveCfg = Release|Any CPU
		{0F0D65C5-35C2-45CD-AE84-D4BA559377E9}.Release|Any CPU.Build.0 = Release|Any CPU
	EndGlobalSection
	GlobalSection(SolutionProperties) = preSolution
		HideSolutionNode = FALSE
	EndGlobalSection
	GlobalSection(ExtensibilityGlobals) = postSolution
		SolutionGuid = {18D50A28-7227-4160-82BE-FBC5A66D2BBC}
	EndGlobalSection
EndGlobal
